
Microsoft Visual Studio Solution File, Format Version 12.00
# Visual Studio Version 17
VisualStudioVersion = 17.2.32519.379
MinimumVisualStudioVersion = 10.0.40219.1
Project("{8BC9CEB8-8B4A-11D0-8D11-00A0C91BC942}") = "AdvatekManager", "AdvatekManager.vcxproj", "{4A1FB5EA-22F5-42A8-AB92-1D2DF5D47FB9}"
	ProjectSection(ProjectDependencies) = postProject
		{66660A4D-AD4F-4648-A708-1FB214A3542C} = {66660A4D-AD4F-4648-A708-1FB214A3542C}
	EndProjectSection
EndProject
Project("{2150E333-8FDC-42A3-9474-1A3956D46DE8}") = "Solution Items", "Solution Items", "{D4FE39A8-0B8F-47B6-AAF7-3DC34CCDA4BE}"
EndProject
Project("{8BC9CEB8-8B4A-11D0-8D11-00A0C91BC942}") = "LibAdvatek", "External\libAdvatek\LibAdvatek\LibAdvatek.vcxproj", "{66660A4D-AD4F-4648-A708-1FB214A3542C}"
EndProject
Global
	GlobalSection(SolutionConfigurationPlatforms) = preSolution
		Debug|x64 = Debug|x64
		Debug|x86 = Debug|x86
		Release|x64 = Release|x64
		Release|x86 = Release|x86
	EndGlobalSection
	GlobalSection(ProjectConfigurationPlatforms) = postSolution
		{4A1FB5EA-22F5-42A8-AB92-1D2DF5D47FB9}.Debug|x64.ActiveCfg = Debug|x64
		{4A1FB5EA-22F5-42A8-AB92-1D2DF5D47FB9}.Debug|x64.Build.0 = Debug|x64
		{4A1FB5EA-22F5-42A8-AB92-1D2DF5D47FB9}.Debug|x86.ActiveCfg = Debug|Win32
		{4A1FB5EA-22F5-42A8-AB92-1D2DF5D47FB9}.Debug|x86.Build.0 = Debug|Win32
		{4A1FB5EA-22F5-42A8-AB92-1D2DF5D47FB9}.Release|x64.ActiveCfg = Release|x64
		{4A1FB5EA-22F5-42A8-AB92-1D2DF5D47FB9}.Release|x64.Build.0 = Release|x64
		{4A1FB5EA-22F5-42A8-AB92-1D2DF5D47FB9}.Release|x86.ActiveCfg = Release|Win32
		{4A1FB5EA-22F5-42A8-AB92-1D2DF5D47FB9}.Release|x86.Build.0 = Release|Win32
		{66660A4D-AD4F-4648-A708-1FB214A3542C}.Debug|x64.ActiveCfg = Debug|x64
		{66660A4D-AD4F-4648-A708-1FB214A3542C}.Debug|x64.Build.0 = Debug|x64
		{66660A4D-AD4F-4648-A708-1FB214A3542C}.Debug|x86.ActiveCfg = Debug|Win32
		{66660A4D-AD4F-4648-A708-1FB214A3542C}.Debug|x86.Build.0 = Debug|Win32
		{66660A4D-AD4F-4648-A708-1FB214A3542C}.Release|x64.ActiveCfg = Release|x64
		{66660A4D-AD4F-4648-A708-1FB214A3542C}.Release|x64.Build.0 = Release|x64
		{66660A4D-AD4F-4648-A708-1FB214A3542C}.Release|x86.ActiveCfg = Release|Win32
		{66660A4D-AD4F-4648-A708-1FB214A3542C}.Release|x86.Build.0 = Release|Win32
	EndGlobalSection
	GlobalSection(SolutionProperties) = preSolution
		HideSolutionNode = FALSE
	EndGlobalSection
	GlobalSection(ExtensibilityGlobals) = postSolution
		SolutionGuid = {18A6C888-00FE-41F1-A01F-F5348967B287}
	EndGlobalSection
EndGlobal
